
Microsoft Visual Studio Solution File, Format Version 12.00
# Visual Studio Version 16
VisualStudioVersion = 16.0.32602.291
MinimumVisualStudioVersion = 10.0.40219.1
Project("{FAE04EC0-301F-11D3-BF4B-00C04F79EFBC}") = "ReflectionDemo", "ReflectionDemo\ReflectionDemo.csproj", "{8F7F776B-1CA0-4577-8B5F-41D1EA51EECC}"
EndProject
Project("{FAE04EC0-301F-11D3-BF4B-00C04F79EFBC}") = "MemberExpressionsDemo", "MemberExpressionsDemo\MemberExpressionsDemo.csproj", "{3335FD26-1281-4E19-B5F0-D6A6A9002ABB}"
EndProject
Global
	GlobalSection(SolutionConfigurationPlatforms) = preSolution
		Debug|Any CPU = Debug|Any CPU
		Release|Any CPU = Release|Any CPU
	EndGlobalSection
	GlobalSection(ProjectConfigurationPlatforms) = postSolution
		{8F7F776B-1CA0-4577-8B5F-41D1EA51EECC}.Debug|Any CPU.ActiveCfg = Debug|Any CPU
		{8F7F776B-1CA0-4577-8B5F-41D1EA51EECC}.Debug|Any CPU.Build.0 = Debug|Any CPU
		{8F7F776B-1CA0-4577-8B5F-41D1EA51EECC}.Release|Any CPU.ActiveCfg = Release|Any CPU
		{8F7F776B-1CA0-4577-8B5F-41D1EA51EECC}.Release|Any CPU.Build.0 = Release|Any CPU
		{3335FD26-1281-4E19-B5F0-D6A6A9002ABB}.Debug|Any CPU.ActiveCfg = Debug|Any CPU
		{3335FD26-1281-4E19-B5F0-D6A6A9002ABB}.Debug|Any CPU.Build.0 = Debug|Any CPU
		{3335FD26-1281-4E19-B5F0-D6A6A9002ABB}.Release|Any CPU.ActiveCfg = Release|Any CPU
		{3335FD26-1281-4E19-B5F0-D6A6A9002ABB}.Release|Any CPU.Build.0 = Release|Any CPU
	EndGlobalSection
	GlobalSection(SolutionProperties) = preSolution
		HideSolutionNode = FALSE
	EndGlobalSection
	GlobalSection(ExtensibilityGlobals) = postSolution
		SolutionGuid = {354CDF77-BF49-4062-B343-4654EA5FB715}
	EndGlobalSection
EndGlobal
